
Microsoft Visual Studio Solution File, Format Version 12.00
# Visual Studio Version 16
VisualStudioVersion = 16.0.31605.320
MinimumVisualStudioVersion = 10.0.40219.1
Project("{9A19103F-16F7-4668-BE54-9A1E7A4F7556}") = "DomclickParcer", "DomclickParcer\DomclickParcer.csproj", "{014A2175-91D4-46DA-B455-CA61A5C6851F}"
EndProject
Global
	GlobalSection(SolutionConfigurationPlatforms) = preSolution
		Debug|Any CPU = Debug|Any CPU
		Release|Any CPU = Release|Any CPU
	EndGlobalSection
	GlobalSection(ProjectConfigurationPlatforms) = postSolution
		{014A2175-91D4-46DA-B455-CA61A5C6851F}.Debug|Any CPU.ActiveCfg = Debug|Any CPU
		{014A2175-91D4-46DA-B455-CA61A5C6851F}.Debug|Any CPU.Build.0 = Debug|Any CPU
		{014A2175-91D4-46DA-B455-CA61A5C6851F}.Release|Any CPU.ActiveCfg = Release|Any CPU
		{014A2175-91D4-46DA-B455-CA61A5C6851F}.Release|Any CPU.Build.0 = Release|Any CPU
	EndGlobalSection
	GlobalSection(SolutionProperties) = preSolution
		HideSolutionNode = FALSE
	EndGlobalSection
	GlobalSection(ExtensibilityGlobals) = postSolution
		SolutionGuid = {3A9660E8-AEBE-4948-A833-71CFD106C8E7}
	EndGlobalSection
EndGlobal
